// !$*UTF8*$!
{
	archiveVersion = 1;
	classes = {
	};
	objectVersion = 56;
	objects = {

/* Begin PBXBuildFile section */
		6946EC9F2AB0B6D6002738BC /* LoginView.swift in Sources */ = {isa = PBXBuildFile; fileRef = 6946EC9E2AB0B6D6002738BC /* LoginView.swift */; };
		6946ECA22AB0B9C9002738BC /* LocalService.swift in Sources */ = {isa = PBXBuildFile; fileRef = 6946ECA12AB0B9C9002738BC /* LocalService.swift */; };
		6946ECA42AB0BB36002738BC /* UserRepository.swift in Sources */ = {isa = PBXBuildFile; fileRef = 6946ECA32AB0BB36002738BC /* UserRepository.swift */; };
		6946ECA62AB0BEE0002738BC /* UserRequirement.swift in Sources */ = {isa = PBXBuildFile; fileRef = 6946ECA52AB0BEE0002738BC /* UserRequirement.swift */; };
		6946ECA82AB0C0B6002738BC /* LoginViewModel.swift in Sources */ = {isa = PBXBuildFile; fileRef = 6946ECA72AB0C0B6002738BC /* LoginViewModel.swift */; };
		6946ECAA2AB0C83B002738BC /* MenuView.swift in Sources */ = {isa = PBXBuildFile; fileRef = 6946ECA92AB0C83B002738BC /* MenuView.swift */; };
		6946ECAD2AB0C9CE002738BC /* FlowStacks in Frameworks */ = {isa = PBXBuildFile; productRef = 6946ECAC2AB0C9CE002738BC /* FlowStacks */; };
		6946ECAF2AB0CA56002738BC /* CoordinatorView.swift in Sources */ = {isa = PBXBuildFile; fileRef = 6946ECAE2AB0CA56002738BC /* CoordinatorView.swift */; };
		6946ECB12AB0E9B3002738BC /* PerfilView.swift in Sources */ = {isa = PBXBuildFile; fileRef = 6946ECB02AB0E9B3002738BC /* PerfilView.swift */; };
		6946ECB52AB0E9FA002738BC /* PerfilViewModel.swift in Sources */ = {isa = PBXBuildFile; fileRef = 6946ECB42AB0E9FA002738BC /* PerfilViewModel.swift */; };
		6970F4B22AA116D10056643B /* PokedexApp.swift in Sources */ = {isa = PBXBuildFile; fileRef = 6970F4B12AA116D10056643B /* PokedexApp.swift */; };
		697FBD8F2AA2701F00141EC0 /* PokemonDetailView.swift in Sources */ = {isa = PBXBuildFile; fileRef = 697FBD8E2AA2701F00141EC0 /* PokemonDetailView.swift */; };
		698C8CF92AAF753C00A30153 /* ContentViewModel.swift in Sources */ = {isa = PBXBuildFile; fileRef = 698C8CF82AAF753C00A30153 /* ContentViewModel.swift */; };
		698C8CFF2AAFDA0F00A30153 /* PokemonListRequirement.swift in Sources */ = {isa = PBXBuildFile; fileRef = 698C8CFE2AAFDA0F00A30153 /* PokemonListRequirement.swift */; };
		698C8D012AAFDA1C00A30153 /* PokemonInfoRequirement.swift in Sources */ = {isa = PBXBuildFile; fileRef = 698C8D002AAFDA1C00A30153 /* PokemonInfoRequirement.swift */; };
		69E0DE382A9E6CF8002AB493 /* ContentView.swift in Sources */ = {isa = PBXBuildFile; fileRef = 69E0DE372A9E6CF8002AB493 /* ContentView.swift */; };
		69E0DE3A2A9E6CFA002AB493 /* Assets.xcassets in Resources */ = {isa = PBXBuildFile; fileRef = 69E0DE392A9E6CFA002AB493 /* Assets.xcassets */; };
		69E0DE3D2A9E6CFA002AB493 /* Preview Assets.xcassets in Resources */ = {isa = PBXBuildFile; fileRef = 69E0DE3C2A9E6CFA002AB493 /* Preview Assets.xcassets */; };
		69E0DE472A9E6CFA002AB493 /* PokedexTests.swift in Sources */ = {isa = PBXBuildFile; fileRef = 69E0DE462A9E6CFA002AB493 /* PokedexTests.swift */; };
		69E0DE512A9E6CFA002AB493 /* PokedexUITests.swift in Sources */ = {isa = PBXBuildFile; fileRef = 69E0DE502A9E6CFA002AB493 /* PokedexUITests.swift */; };
		69E0DE532A9E6CFA002AB493 /* PokedexUITestsLaunchTests.swift in Sources */ = {isa = PBXBuildFile; fileRef = 69E0DE522A9E6CFA002AB493 /* PokedexUITestsLaunchTests.swift */; };
		69E0DE612A9E6DF0002AB493 /* Alamofire in Frameworks */ = {isa = PBXBuildFile; productRef = 69E0DE602A9E6DF0002AB493 /* Alamofire */; };
		69E0DE642A9E6E10002AB493 /* SDWebImageSwiftUI in Frameworks */ = {isa = PBXBuildFile; productRef = 69E0DE632A9E6E10002AB493 /* SDWebImageSwiftUI */; };
		69E0DE672A9E6FF1002AB493 /* Pokedex.swift in Sources */ = {isa = PBXBuildFile; fileRef = 69E0DE662A9E6FF1002AB493 /* Pokedex.swift */; };
		69E0DE6B2A9E78EF002AB493 /* PokemonRepository.swift in Sources */ = {isa = PBXBuildFile; fileRef = 69E0DE6A2A9E78EF002AB493 /* PokemonRepository.swift */; };
		69E0DE6D2A9E7BE5002AB493 /* NetworkAPIService.swift in Sources */ = {isa = PBXBuildFile; fileRef = 69E0DE6C2A9E7BE5002AB493 /* NetworkAPIService.swift */; };
/* End PBXBuildFile section */

/* Begin PBXContainerItemProxy section */
		69E0DE432A9E6CFA002AB493 /* PBXContainerItemProxy */ = {
			isa = PBXContainerItemProxy;
			containerPortal = 69E0DE2A2A9E6CF8002AB493 /* Project object */;
			proxyType = 1;
			remoteGlobalIDString = 69E0DE312A9E6CF8002AB493;
			remoteInfo = Pokedex;
		};
		69E0DE4D2A9E6CFA002AB493 /* PBXContainerItemProxy */ = {
			isa = PBXContainerItemProxy;
			containerPortal = 69E0DE2A2A9E6CF8002AB493 /* Project object */;
			proxyType = 1;
			remoteGlobalIDString = 69E0DE312A9E6CF8002AB493;
			remoteInfo = Pokedex;
		};
/* End PBXContainerItemProxy section */

/* Begin PBXFileReference section */
		6946EC9E2AB0B6D6002738BC /* LoginView.swift */ = {isa = PBXFileReference; lastKnownFileType = sourcecode.swift; path = LoginView.swift; sourceTree = "<group>"; };
		6946ECA12AB0B9C9002738BC /* LocalService.swift */ = {isa = PBXFileReference; lastKnownFileType = sourcecode.swift; path = LocalService.swift; sourceTree = "<group>"; };
		6946ECA32AB0BB36002738BC /* UserRepository.swift */ = {isa = PBXFileReference; lastKnownFileType = sourcecode.swift; path = UserRepository.swift; sourceTree = "<group>"; };
		6946ECA52AB0BEE0002738BC /* UserRequirement.swift */ = {isa = PBXFileReference; lastKnownFileType = sourcecode.swift; path = UserRequirement.swift; sourceTree = "<group>"; };
		6946ECA72AB0C0B6002738BC /* LoginViewModel.swift */ = {isa = PBXFileReference; lastKnownFileType = sourcecode.swift; path = LoginViewModel.swift; sourceTree = "<group>"; };
		6946ECA92AB0C83B002738BC /* MenuView.swift */ = {isa = PBXFileReference; lastKnownFileType = sourcecode.swift; path = MenuView.swift; sourceTree = "<group>"; };
		6946ECAE2AB0CA56002738BC /* CoordinatorView.swift */ = {isa = PBXFileReference; lastKnownFileType = sourcecode.swift; path = CoordinatorView.swift; sourceTree = "<group>"; };
		6946ECB02AB0E9B3002738BC /* PerfilView.swift */ = {isa = PBXFileReference; lastKnownFileType = sourcecode.swift; path = PerfilView.swift; sourceTree = "<group>"; };
		6946ECB42AB0E9FA002738BC /* PerfilViewModel.swift */ = {isa = PBXFileReference; lastKnownFileType = sourcecode.swift; path = PerfilViewModel.swift; sourceTree = "<group>"; };
		6970F4B12AA116D10056643B /* PokedexApp.swift */ = {isa = PBXFileReference; fileEncoding = 4; lastKnownFileType = sourcecode.swift; path = PokedexApp.swift; sourceTree = "<group>"; };
		697FBD8E2AA2701F00141EC0 /* PokemonDetailView.swift */ = {isa = PBXFileReference; lastKnownFileType = sourcecode.swift; path = PokemonDetailView.swift; sourceTree = "<group>"; };
		698C8CF82AAF753C00A30153 /* ContentViewModel.swift */ = {isa = PBXFileReference; lastKnownFileType = sourcecode.swift; path = ContentViewModel.swift; sourceTree = "<group>"; };
		698C8CFE2AAFDA0F00A30153 /* PokemonListRequirement.swift */ = {isa = PBXFileReference; lastKnownFileType = sourcecode.swift; path = PokemonListRequirement.swift; sourceTree = "<group>"; };
		698C8D002AAFDA1C00A30153 /* PokemonInfoRequirement.swift */ = {isa = PBXFileReference; lastKnownFileType = sourcecode.swift; path = PokemonInfoRequirement.swift; sourceTree = "<group>"; };
		69E0DE322A9E6CF8002AB493 /* Pokedex.app */ = {isa = PBXFileReference; explicitFileType = wrapper.application; includeInIndex = 0; path = Pokedex.app; sourceTree = BUILT_PRODUCTS_DIR; };
		69E0DE372A9E6CF8002AB493 /* ContentView.swift */ = {isa = PBXFileReference; lastKnownFileType = sourcecode.swift; path = ContentView.swift; sourceTree = "<group>"; };
		69E0DE392A9E6CFA002AB493 /* Assets.xcassets */ = {isa = PBXFileReference; lastKnownFileType = folder.assetcatalog; path = Assets.xcassets; sourceTree = "<group>"; };
		69E0DE3C2A9E6CFA002AB493 /* Preview Assets.xcassets */ = {isa = PBXFileReference; lastKnownFileType = folder.assetcatalog; path = "Preview Assets.xcassets"; sourceTree = "<group>"; };
		69E0DE422A9E6CFA002AB493 /* PokedexTests.xctest */ = {isa = PBXFileReference; explicitFileType = wrapper.cfbundle; includeInIndex = 0; path = PokedexTests.xctest; sourceTree = BUILT_PRODUCTS_DIR; };
		69E0DE462A9E6CFA002AB493 /* PokedexTests.swift */ = {isa = PBXFileReference; lastKnownFileType = sourcecode.swift; path = PokedexTests.swift; sourceTree = "<group>"; };
		69E0DE4C2A9E6CFA002AB493 /* PokedexUITests.xctest */ = {isa = PBXFileReference; explicitFileType = wrapper.cfbundle; includeInIndex = 0; path = PokedexUITests.xctest; sourceTree = BUILT_PRODUCTS_DIR; };
		69E0DE502A9E6CFA002AB493 /* PokedexUITests.swift */ = {isa = PBXFileReference; lastKnownFileType = sourcecode.swift; path = PokedexUITests.swift; sourceTree = "<group>"; };
		69E0DE522A9E6CFA002AB493 /* PokedexUITestsLaunchTests.swift */ = {isa = PBXFileReference; lastKnownFileType = sourcecode.swift; path = PokedexUITestsLaunchTests.swift; sourceTree = "<group>"; };
		69E0DE662A9E6FF1002AB493 /* Pokedex.swift */ = {isa = PBXFileReference; lastKnownFileType = sourcecode.swift; path = Pokedex.swift; sourceTree = "<group>"; };
		69E0DE6A2A9E78EF002AB493 /* PokemonRepository.swift */ = {isa = PBXFileReference; lastKnownFileType = sourcecode.swift; path = PokemonRepository.swift; sourceTree = "<group>"; };
		69E0DE6C2A9E7BE5002AB493 /* NetworkAPIService.swift */ = {isa = PBXFileReference; lastKnownFileType = sourcecode.swift; path = NetworkAPIService.swift; sourceTree = "<group>"; };
/* End PBXFileReference section */

/* Begin PBXFrameworksBuildPhase section */
		69E0DE2F2A9E6CF8002AB493 /* Frameworks */ = {
			isa = PBXFrameworksBuildPhase;
			buildActionMask = 2147483647;
			files = (
				69E0DE642A9E6E10002AB493 /* SDWebImageSwiftUI in Frameworks */,
				69E0DE612A9E6DF0002AB493 /* Alamofire in Frameworks */,
				6946ECAD2AB0C9CE002738BC /* FlowStacks in Frameworks */,
			);
			runOnlyForDeploymentPostprocessing = 0;
		};
		69E0DE3F2A9E6CFA002AB493 /* Frameworks */ = {
			isa = PBXFrameworksBuildPhase;
			buildActionMask = 2147483647;
			files = (
			);
			runOnlyForDeploymentPostprocessing = 0;
		};
		69E0DE492A9E6CFA002AB493 /* Frameworks */ = {
			isa = PBXFrameworksBuildPhase;
			buildActionMask = 2147483647;
			files = (
			);
			runOnlyForDeploymentPostprocessing = 0;
		};
/* End PBXFrameworksBuildPhase section */

/* Begin PBXGroup section */
		6946ECA02AB0B9A2002738BC /* Local */ = {
			isa = PBXGroup;
			children = (
				6946ECA12AB0B9C9002738BC /* LocalService.swift */,
			);
			path = Local;
			sourceTree = "<group>";
		};
		698C8CF62AAF74D600A30153 /* Views */ = {
			isa = PBXGroup;
			children = (
				69E0DE372A9E6CF8002AB493 /* ContentView.swift */,
				697FBD8E2AA2701F00141EC0 /* PokemonDetailView.swift */,
				6946ECB02AB0E9B3002738BC /* PerfilView.swift */,
				6946EC9E2AB0B6D6002738BC /* LoginView.swift */,
				6946ECA92AB0C83B002738BC /* MenuView.swift */,
				6946ECAE2AB0CA56002738BC /* CoordinatorView.swift */,
			);
			path = Views;
			sourceTree = "<group>";
		};
		698C8CF72AAF751C00A30153 /* ViewModels */ = {
			isa = PBXGroup;
			children = (
				698C8CF82AAF753C00A30153 /* ContentViewModel.swift */,
				6946ECA72AB0C0B6002738BC /* LoginViewModel.swift */,
				6946ECB42AB0E9FA002738BC /* PerfilViewModel.swift */,
			);
			path = ViewModels;
			sourceTree = "<group>";
		};
		698C8CFA2AAFD2D100A30153 /* Framework */ = {
			isa = PBXGroup;
			children = (
				698C8CF62AAF74D600A30153 /* Views */,
				698C8CF72AAF751C00A30153 /* ViewModels */,
			);
			path = Framework;
			sourceTree = "<group>";
		};
		698C8CFB2AAFD2EB00A30153 /* Data */ = {
			isa = PBXGroup;
			children = (
				69E0DE652A9E6FD0002AB493 /* Modelos */,
				69E0DE6A2A9E78EF002AB493 /* PokemonRepository.swift */,
				6946ECA32AB0BB36002738BC /* UserRepository.swift */,
			);
			path = Data;
			sourceTree = "<group>";
		};
		698C8CFC2AAFD2F300A30153 /* Domain */ = {
			isa = PBXGroup;
			children = (
				698C8CFE2AAFDA0F00A30153 /* PokemonListRequirement.swift */,
				698C8D002AAFDA1C00A30153 /* PokemonInfoRequirement.swift */,
				6946ECA52AB0BEE0002738BC /* UserRequirement.swift */,
			);
			path = Domain;
			sourceTree = "<group>";
		};
		698C8CFD2AAFD93C00A30153 /* Network */ = {
			isa = PBXGroup;
			children = (
				69E0DE6C2A9E7BE5002AB493 /* NetworkAPIService.swift */,
			);
			path = Network;
			sourceTree = "<group>";
		};
		69E0DE292A9E6CF8002AB493 = {
			isa = PBXGroup;
			children = (
				69E0DE342A9E6CF8002AB493 /* Pokedex */,
				69E0DE452A9E6CFA002AB493 /* PokedexTests */,
				69E0DE4F2A9E6CFA002AB493 /* PokedexUITests */,
				69E0DE332A9E6CF8002AB493 /* Products */,
			);
			sourceTree = "<group>";
		};
		69E0DE332A9E6CF8002AB493 /* Products */ = {
			isa = PBXGroup;
			children = (
				69E0DE322A9E6CF8002AB493 /* Pokedex.app */,
				69E0DE422A9E6CFA002AB493 /* PokedexTests.xctest */,
				69E0DE4C2A9E6CFA002AB493 /* PokedexUITests.xctest */,
			);
			name = Products;
			sourceTree = "<group>";
		};
		69E0DE342A9E6CF8002AB493 /* Pokedex */ = {
			isa = PBXGroup;
			children = (
				698C8CFC2AAFD2F300A30153 /* Domain */,
				698C8CFB2AAFD2EB00A30153 /* Data */,
				698C8CFA2AAFD2D100A30153 /* Framework */,
				6970F4B12AA116D10056643B /* PokedexApp.swift */,
				69E0DE392A9E6CFA002AB493 /* Assets.xcassets */,
				69E0DE3B2A9E6CFA002AB493 /* Preview Content */,
			);
			path = Pokedex;
			sourceTree = "<group>";
		};
		69E0DE3B2A9E6CFA002AB493 /* Preview Content */ = {
			isa = PBXGroup;
			children = (
				69E0DE3C2A9E6CFA002AB493 /* Preview Assets.xcassets */,
			);
			path = "Preview Content";
			sourceTree = "<group>";
		};
		69E0DE452A9E6CFA002AB493 /* PokedexTests */ = {
			isa = PBXGroup;
			children = (
				69E0DE462A9E6CFA002AB493 /* PokedexTests.swift */,
			);
			path = PokedexTests;
			sourceTree = "<group>";
		};
		69E0DE4F2A9E6CFA002AB493 /* PokedexUITests */ = {
			isa = PBXGroup;
			children = (
				69E0DE502A9E6CFA002AB493 /* PokedexUITests.swift */,
				69E0DE522A9E6CFA002AB493 /* PokedexUITestsLaunchTests.swift */,
			);
			path = PokedexUITests;
			sourceTree = "<group>";
		};
		69E0DE652A9E6FD0002AB493 /* Modelos */ = {
			isa = PBXGroup;
			children = (
				698C8CFD2AAFD93C00A30153 /* Network */,
				6946ECA02AB0B9A2002738BC /* Local */,
				69E0DE662A9E6FF1002AB493 /* Pokedex.swift */,
			);
			path = Modelos;
			sourceTree = "<group>";
		};
/* End PBXGroup section */

/* Begin PBXNativeTarget section */
		69E0DE312A9E6CF8002AB493 /* Pokedex */ = {
			isa = PBXNativeTarget;
			buildConfigurationList = 69E0DE562A9E6CFA002AB493 /* Build configuration list for PBXNativeTarget "Pokedex" */;
			buildPhases = (
				69E0DE2E2A9E6CF8002AB493 /* Sources */,
				69E0DE2F2A9E6CF8002AB493 /* Frameworks */,
				69E0DE302A9E6CF8002AB493 /* Resources */,
			);
			buildRules = (
			);
			dependencies = (
			);
			name = Pokedex;
			packageProductDependencies = (
				69E0DE602A9E6DF0002AB493 /* Alamofire */,
				69E0DE632A9E6E10002AB493 /* SDWebImageSwiftUI */,
				6946ECAC2AB0C9CE002738BC /* FlowStacks */,
			);
			productName = Pokedex;
			productReference = 69E0DE322A9E6CF8002AB493 /* Pokedex.app */;
			productType = "com.apple.product-type.application";
		};
		69E0DE412A9E6CFA002AB493 /* PokedexTests */ = {
			isa = PBXNativeTarget;
			buildConfigurationList = 69E0DE592A9E6CFA002AB493 /* Build configuration list for PBXNativeTarget "PokedexTests" */;
			buildPhases = (
				69E0DE3E2A9E6CFA002AB493 /* Sources */,
				69E0DE3F2A9E6CFA002AB493 /* Frameworks */,
				69E0DE402A9E6CFA002AB493 /* Resources */,
			);
			buildRules = (
			);
			dependencies = (
				69E0DE442A9E6CFA002AB493 /* PBXTargetDependency */,
			);
			name = PokedexTests;
			productName = PokedexTests;
			productReference = 69E0DE422A9E6CFA002AB493 /* PokedexTests.xctest */;
			productType = "com.apple.product-type.bundle.unit-test";
		};
		69E0DE4B2A9E6CFA002AB493 /* PokedexUITests */ = {
			isa = PBXNativeTarget;
			buildConfigurationList = 69E0DE5C2A9E6CFA002AB493 /* Build configuration list for PBXNativeTarget "PokedexUITests" */;
			buildPhases = (
				69E0DE482A9E6CFA002AB493 /* Sources */,
				69E0DE492A9E6CFA002AB493 /* Frameworks */,
				69E0DE4A2A9E6CFA002AB493 /* Resources */,
			);
			buildRules = (
			);
			dependencies = (
				69E0DE4E2A9E6CFA002AB493 /* PBXTargetDependency */,
			);
			name = PokedexUITests;
			productName = PokedexUITests;
			productReference = 69E0DE4C2A9E6CFA002AB493 /* PokedexUITests.xctest */;
			productType = "com.apple.product-type.bundle.ui-testing";
		};
/* End PBXNativeTarget section */

/* Begin PBXProject section */
		69E0DE2A2A9E6CF8002AB493 /* Project object */ = {
			isa = PBXProject;
			attributes = {
				BuildIndependentTargetsInParallel = 1;
				LastSwiftUpdateCheck = 1430;
				LastUpgradeCheck = 1430;
				TargetAttributes = {
					69E0DE312A9E6CF8002AB493 = {
						CreatedOnToolsVersion = 14.3.1;
					};
					69E0DE412A9E6CFA002AB493 = {
						CreatedOnToolsVersion = 14.3.1;
						TestTargetID = 69E0DE312A9E6CF8002AB493;
					};
					69E0DE4B2A9E6CFA002AB493 = {
						CreatedOnToolsVersion = 14.3.1;
						TestTargetID = 69E0DE312A9E6CF8002AB493;
					};
				};
			};
			buildConfigurationList = 69E0DE2D2A9E6CF8002AB493 /* Build configuration list for PBXProject "Pokedex" */;
			compatibilityVersion = "Xcode 14.0";
			developmentRegion = en;
			hasScannedForEncodings = 0;
			knownRegions = (
				en,
				Base,
			);
			mainGroup = 69E0DE292A9E6CF8002AB493;
			packageReferences = (
				69E0DE5F2A9E6DF0002AB493 /* XCRemoteSwiftPackageReference "Alamofire" */,
				69E0DE622A9E6E10002AB493 /* XCRemoteSwiftPackageReference "SDWebImageSwiftUI" */,
				6946ECAB2AB0C9CE002738BC /* XCRemoteSwiftPackageReference "FlowStacks" */,
			);
			productRefGroup = 69E0DE332A9E6CF8002AB493 /* Products */;
			projectDirPath = "";
			projectRoot = "";
			targets = (
				69E0DE312A9E6CF8002AB493 /* Pokedex */,
				69E0DE412A9E6CFA002AB493 /* PokedexTests */,
				69E0DE4B2A9E6CFA002AB493 /* PokedexUITests */,
			);
		};
/* End PBXProject section */

/* Begin PBXResourcesBuildPhase section */
		69E0DE302A9E6CF8002AB493 /* Resources */ = {
			isa = PBXResourcesBuildPhase;
			buildActionMask = 2147483647;
			files = (
				69E0DE3D2A9E6CFA002AB493 /* Preview Assets.xcassets in Resources */,
				69E0DE3A2A9E6CFA002AB493 /* Assets.xcassets in Resources */,
			);
			runOnlyForDeploymentPostprocessing = 0;
		};
		69E0DE402A9E6CFA002AB493 /* Resources */ = {
			isa = PBXResourcesBuildPhase;
			buildActionMask = 2147483647;
			files = (
			);
			runOnlyForDeploymentPostprocessing = 0;
		};
		69E0DE4A2A9E6CFA002AB493 /* Resources */ = {
			isa = PBXResourcesBuildPhase;
			buildActionMask = 2147483647;
			files = (
			);
			runOnlyForDeploymentPostprocessing = 0;
		};
/* End PBXResourcesBuildPhase section */

/* Begin PBXSourcesBuildPhase section */
		69E0DE2E2A9E6CF8002AB493 /* Sources */ = {
			isa = PBXSourcesBuildPhase;
			buildActionMask = 2147483647;
			files = (
				6946ECA42AB0BB36002738BC /* UserRepository.swift in Sources */,
				697FBD8F2AA2701F00141EC0 /* PokemonDetailView.swift in Sources */,
				69E0DE6B2A9E78EF002AB493 /* PokemonRepository.swift in Sources */,
				6970F4B22AA116D10056643B /* PokedexApp.swift in Sources */,
				6946ECAF2AB0CA56002738BC /* CoordinatorView.swift in Sources */,
				69E0DE382A9E6CF8002AB493 /* ContentView.swift in Sources */,
				6946ECB52AB0E9FA002738BC /* PerfilViewModel.swift in Sources */,
				698C8CF92AAF753C00A30153 /* ContentViewModel.swift in Sources */,
				6946ECA22AB0B9C9002738BC /* LocalService.swift in Sources */,
				69E0DE6D2A9E7BE5002AB493 /* NetworkAPIService.swift in Sources */,
				6946ECA82AB0C0B6002738BC /* LoginViewModel.swift in Sources */,
				6946ECAA2AB0C83B002738BC /* MenuView.swift in Sources */,
				698C8CFF2AAFDA0F00A30153 /* PokemonListRequirement.swift in Sources */,
				698C8D012AAFDA1C00A30153 /* PokemonInfoRequirement.swift in Sources */,
				6946ECA62AB0BEE0002738BC /* UserRequirement.swift in Sources */,
				6946EC9F2AB0B6D6002738BC /* LoginView.swift in Sources */,
				69E0DE672A9E6FF1002AB493 /* Pokedex.swift in Sources */,
				6946ECB12AB0E9B3002738BC /* PerfilView.swift in Sources */,
			);
			runOnlyForDeploymentPostprocessing = 0;
		};
		69E0DE3E2A9E6CFA002AB493 /* Sources */ = {
			isa = PBXSourcesBuildPhase;
			buildActionMask = 2147483647;
			files = (
				69E0DE472A9E6CFA002AB493 /* PokedexTests.swift in Sources */,
			);
			runOnlyForDeploymentPostprocessing = 0;
		};
		69E0DE482A9E6CFA002AB493 /* Sources */ = {
			isa = PBXSourcesBuildPhase;
			buildActionMask = 2147483647;
			files = (
				69E0DE512A9E6CFA002AB493 /* PokedexUITests.swift in Sources */,
				69E0DE532A9E6CFA002AB493 /* PokedexUITestsLaunchTests.swift in Sources */,
			);
			runOnlyForDeploymentPostprocessing = 0;
		};
/* End PBXSourcesBuildPhase section */

/* Begin PBXTargetDependency section */
		69E0DE442A9E6CFA002AB493 /* PBXTargetDependency */ = {
			isa = PBXTargetDependency;
			target = 69E0DE312A9E6CF8002AB493 /* Pokedex */;
			targetProxy = 69E0DE432A9E6CFA002AB493 /* PBXContainerItemProxy */;
		};
		69E0DE4E2A9E6CFA002AB493 /* PBXTargetDependency */ = {
			isa = PBXTargetDependency;
			target = 69E0DE312A9E6CF8002AB493 /* Pokedex */;
			targetProxy = 69E0DE4D2A9E6CFA002AB493 /* PBXContainerItemProxy */;
		};
/* End PBXTargetDependency section */

/* Begin XCBuildConfiguration section */
		69E0DE542A9E6CFA002AB493 /* Debug */ = {
			isa = XCBuildConfiguration;
			buildSettings = {
				ALWAYS_SEARCH_USER_PATHS = NO;
				CLANG_ANALYZER_NONNULL = YES;
				CLANG_ANALYZER_NUMBER_OBJECT_CONVERSION = YES_AGGRESSIVE;
				CLANG_CXX_LANGUAGE_STANDARD = "gnu++20";
				CLANG_ENABLE_MODULES = YES;
				CLANG_ENABLE_OBJC_ARC = YES;
				CLANG_ENABLE_OBJC_WEAK = YES;
				CLANG_WARN_BLOCK_CAPTURE_AUTORELEASING = YES;
				CLANG_WARN_BOOL_CONVERSION = YES;
				CLANG_WARN_COMMA = YES;
				CLANG_WARN_CONSTANT_CONVERSION = YES;
				CLANG_WARN_DEPRECATED_OBJC_IMPLEMENTATIONS = YES;
				CLANG_WARN_DIRECT_OBJC_ISA_USAGE = YES_ERROR;
				CLANG_WARN_DOCUMENTATION_COMMENTS = YES;
				CLANG_WARN_EMPTY_BODY = YES;
				CLANG_WARN_ENUM_CONVERSION = YES;
				CLANG_WARN_INFINITE_RECURSION = YES;
				CLANG_WARN_INT_CONVERSION = YES;
				CLANG_WARN_NON_LITERAL_NULL_CONVERSION = YES;
				CLANG_WARN_OBJC_IMPLICIT_RETAIN_SELF = YES;
				CLANG_WARN_OBJC_LITERAL_CONVERSION = YES;
				CLANG_WARN_OBJC_ROOT_CLASS = YES_ERROR;
				CLANG_WARN_QUOTED_INCLUDE_IN_FRAMEWORK_HEADER = YES;
				CLANG_WARN_RANGE_LOOP_ANALYSIS = YES;
				CLANG_WARN_STRICT_PROTOTYPES = YES;
				CLANG_WARN_SUSPICIOUS_MOVE = YES;
				CLANG_WARN_UNGUARDED_AVAILABILITY = YES_AGGRESSIVE;
				CLANG_WARN_UNREACHABLE_CODE = YES;
				CLANG_WARN__DUPLICATE_METHOD_MATCH = YES;
				COPY_PHASE_STRIP = NO;
				DEBUG_INFORMATION_FORMAT = dwarf;
				ENABLE_STRICT_OBJC_MSGSEND = YES;
				ENABLE_TESTABILITY = YES;
				GCC_C_LANGUAGE_STANDARD = gnu11;
				GCC_DYNAMIC_NO_PIC = NO;
				GCC_NO_COMMON_BLOCKS = YES;
				GCC_OPTIMIZATION_LEVEL = 0;
				GCC_PREPROCESSOR_DEFINITIONS = (
					"DEBUG=1",
					"$(inherited)",
				);
				GCC_WARN_64_TO_32_BIT_CONVERSION = YES;
				GCC_WARN_ABOUT_RETURN_TYPE = YES_ERROR;
				GCC_WARN_UNDECLARED_SELECTOR = YES;
				GCC_WARN_UNINITIALIZED_AUTOS = YES_AGGRESSIVE;
				GCC_WARN_UNUSED_FUNCTION = YES;
				GCC_WARN_UNUSED_VARIABLE = YES;
				IPHONEOS_DEPLOYMENT_TARGET = 16.4;
				MTL_ENABLE_DEBUG_INFO = INCLUDE_SOURCE;
				MTL_FAST_MATH = YES;
				ONLY_ACTIVE_ARCH = YES;
				SDKROOT = iphoneos;
				SWIFT_ACTIVE_COMPILATION_CONDITIONS = DEBUG;
				SWIFT_OPTIMIZATION_LEVEL = "-Onone";
			};
			name = Debug;
		};
		69E0DE552A9E6CFA002AB493 /* Release */ = {
			isa = XCBuildConfiguration;
			buildSettings = {
				ALWAYS_SEARCH_USER_PATHS = NO;
				CLANG_ANALYZER_NONNULL = YES;
				CLANG_ANALYZER_NUMBER_OBJECT_CONVERSION = YES_AGGRESSIVE;
				CLANG_CXX_LANGUAGE_STANDARD = "gnu++20";
				CLANG_ENABLE_MODULES = YES;
				CLANG_ENABLE_OBJC_ARC = YES;
				CLANG_ENABLE_OBJC_WEAK = YES;
				CLANG_WARN_BLOCK_CAPTURE_AUTORELEASING = YES;
				CLANG_WARN_BOOL_CONVERSION = YES;
				CLANG_WARN_COMMA = YES;
				CLANG_WARN_CONSTANT_CONVERSION = YES;
				CLANG_WARN_DEPRECATED_OBJC_IMPLEMENTATIONS = YES;
				CLANG_WARN_DIRECT_OBJC_ISA_USAGE = YES_ERROR;
				CLANG_WARN_DOCUMENTATION_COMMENTS = YES;
				CLANG_WARN_EMPTY_BODY = YES;
				CLANG_WARN_ENUM_CONVERSION = YES;
				CLANG_WARN_INFINITE_RECURSION = YES;
				CLANG_WARN_INT_CONVERSION = YES;
				CLANG_WARN_NON_LITERAL_NULL_CONVERSION = YES;
				CLANG_WARN_OBJC_IMPLICIT_RETAIN_SELF = YES;
				CLANG_WARN_OBJC_LITERAL_CONVERSION = YES;
				CLANG_WARN_OBJC_ROOT_CLASS = YES_ERROR;
				CLANG_WARN_QUOTED_INCLUDE_IN_FRAMEWORK_HEADER = YES;
				CLANG_WARN_RANGE_LOOP_ANALYSIS = YES;
				CLANG_WARN_STRICT_PROTOTYPES = YES;
				CLANG_WARN_SUSPICIOUS_MOVE = YES;
				CLANG_WARN_UNGUARDED_AVAILABILITY = YES_AGGRESSIVE;
				CLANG_WARN_UNREACHABLE_CODE = YES;
				CLANG_WARN__DUPLICATE_METHOD_MATCH = YES;
				COPY_PHASE_STRIP = NO;
				DEBUG_INFORMATION_FORMAT = "dwarf-with-dsym";
				ENABLE_NS_ASSERTIONS = NO;
				ENABLE_STRICT_OBJC_MSGSEND = YES;
				GCC_C_LANGUAGE_STANDARD = gnu11;
				GCC_NO_COMMON_BLOCKS = YES;
				GCC_WARN_64_TO_32_BIT_CONVERSION = YES;
				GCC_WARN_ABOUT_RETURN_TYPE = YES_ERROR;
				GCC_WARN_UNDECLARED_SELECTOR = YES;
				GCC_WARN_UNINITIALIZED_AUTOS = YES_AGGRESSIVE;
				GCC_WARN_UNUSED_FUNCTION = YES;
				GCC_WARN_UNUSED_VARIABLE = YES;
				IPHONEOS_DEPLOYMENT_TARGET = 16.4;
				MTL_ENABLE_DEBUG_INFO = NO;
				MTL_FAST_MATH = YES;
				SDKROOT = iphoneos;
				SWIFT_COMPILATION_MODE = wholemodule;
				SWIFT_OPTIMIZATION_LEVEL = "-O";
				VALIDATE_PRODUCT = YES;
			};
			name = Release;
		};
		69E0DE572A9E6CFA002AB493 /* Debug */ = {
			isa = XCBuildConfiguration;
			buildSettings = {
				ASSETCATALOG_COMPILER_APPICON_NAME = AppIcon;
				ASSETCATALOG_COMPILER_GLOBAL_ACCENT_COLOR_NAME = AccentColor;
				CODE_SIGN_STYLE = Automatic;
				CURRENT_PROJECT_VERSION = 1;
				DEVELOPMENT_ASSET_PATHS = "\"Pokedex/Preview Content\"";
				DEVELOPMENT_TEAM = D4BP3KZY34;
				ENABLE_PREVIEWS = YES;
				GENERATE_INFOPLIST_FILE = YES;
				INFOPLIST_KEY_UIApplicationSceneManifest_Generation = YES;
				INFOPLIST_KEY_UIApplicationSupportsIndirectInputEvents = YES;
				INFOPLIST_KEY_UILaunchScreen_Generation = YES;
				INFOPLIST_KEY_UISupportedInterfaceOrientations_iPad = "UIInterfaceOrientationPortrait UIInterfaceOrientationPortraitUpsideDown UIInterfaceOrientationLandscapeLeft UIInterfaceOrientationLandscapeRight";
				INFOPLIST_KEY_UISupportedInterfaceOrientations_iPhone = "UIInterfaceOrientationPortrait UIInterfaceOrientationLandscapeLeft UIInterfaceOrientationLandscapeRight";
				LD_RUNPATH_SEARCH_PATHS = (
					"$(inherited)",
					"@executable_path/Frameworks",
				);
				MARKETING_VERSION = 1.0;
				PRODUCT_BUNDLE_IDENTIFIER = DEFP.Pokedex;
				PRODUCT_NAME = "$(TARGET_NAME)";
				SWIFT_EMIT_LOC_STRINGS = YES;
				SWIFT_VERSION = 5.0;
				TARGETED_DEVICE_FAMILY = "1,2";
			};
			name = Debug;
		};
		69E0DE582A9E6CFA002AB493 /* Release */ = {
			isa = XCBuildConfiguration;
			buildSettings = {
				ASSETCATALOG_COMPILER_APPICON_NAME = AppIcon;
				ASSETCATALOG_COMPILER_GLOBAL_ACCENT_COLOR_NAME = AccentColor;
				CODE_SIGN_STYLE = Automatic;
				CURRENT_PROJECT_VERSION = 1;
				DEVELOPMENT_ASSET_PATHS = "\"Pokedex/Preview Content\"";
				DEVELOPMENT_TEAM = D4BP3KZY34;
				ENABLE_PREVIEWS = YES;
				GENERATE_INFOPLIST_FILE = YES;
				INFOPLIST_KEY_UIApplicationSceneManifest_Generation = YES;
				INFOPLIST_KEY_UIApplicationSupportsIndirectInputEvents = YES;
				INFOPLIST_KEY_UILaunchScreen_Generation = YES;
				INFOPLIST_KEY_UISupportedInterfaceOrientations_iPad = "UIInterfaceOrientationPortrait UIInterfaceOrientationPortraitUpsideDown UIInterfaceOrientationLandscapeLeft UIInterfaceOrientationLandscapeRight";
				INFOPLIST_KEY_UISupportedInterfaceOrientations_iPhone = "UIInterfaceOrientationPortrait UIInterfaceOrientationLandscapeLeft UIInterfaceOrientationLandscapeRight";
				LD_RUNPATH_SEARCH_PATHS = (
					"$(inherited)",
					"@executable_path/Frameworks",
				);
				MARKETING_VERSION = 1.0;
				PRODUCT_BUNDLE_IDENTIFIER = DEFP.Pokedex;
				PRODUCT_NAME = "$(TARGET_NAME)";
				SWIFT_EMIT_LOC_STRINGS = YES;
				SWIFT_VERSION = 5.0;
				TARGETED_DEVICE_FAMILY = "1,2";
			};
			name = Release;
		};
		69E0DE5A2A9E6CFA002AB493 /* Debug */ = {
			isa = XCBuildConfiguration;
			buildSettings = {
				ALWAYS_EMBED_SWIFT_STANDARD_LIBRARIES = YES;
				BUNDLE_LOADER = "$(TEST_HOST)";
				CODE_SIGN_STYLE = Automatic;
				CURRENT_PROJECT_VERSION = 1;
				DEVELOPMENT_TEAM = D4BP3KZY34;
				GENERATE_INFOPLIST_FILE = YES;
				IPHONEOS_DEPLOYMENT_TARGET = 16.4;
				MARKETING_VERSION = 1.0;
				PRODUCT_BUNDLE_IDENTIFIER = DEFP.PokedexTests;
				PRODUCT_NAME = "$(TARGET_NAME)";
				SWIFT_EMIT_LOC_STRINGS = NO;
				SWIFT_VERSION = 5.0;
				TARGETED_DEVICE_FAMILY = "1,2";
				TEST_HOST = "$(BUILT_PRODUCTS_DIR)/Pokedex.app/$(BUNDLE_EXECUTABLE_FOLDER_PATH)/Pokedex";
			};
			name = Debug;
		};
		69E0DE5B2A9E6CFA002AB493 /* Release */ = {
			isa = XCBuildConfiguration;
			buildSettings = {
				ALWAYS_EMBED_SWIFT_STANDARD_LIBRARIES = YES;
				BUNDLE_LOADER = "$(TEST_HOST)";
				CODE_SIGN_STYLE = Automatic;
				CURRENT_PROJECT_VERSION = 1;
				DEVELOPMENT_TEAM = D4BP3KZY34;
				GENERATE_INFOPLIST_FILE = YES;
				IPHONEOS_DEPLOYMENT_TARGET = 16.4;
				MARKETING_VERSION = 1.0;
				PRODUCT_BUNDLE_IDENTIFIER = DEFP.PokedexTests;
				PRODUCT_NAME = "$(TARGET_NAME)";
				SWIFT_EMIT_LOC_STRINGS = NO;
				SWIFT_VERSION = 5.0;
				TARGETED_DEVICE_FAMILY = "1,2";
				TEST_HOST = "$(BUILT_PRODUCTS_DIR)/Pokedex.app/$(BUNDLE_EXECUTABLE_FOLDER_PATH)/Pokedex";
			};
			name = Release;
		};
		69E0DE5D2A9E6CFA002AB493 /* Debug */ = {
			isa = XCBuildConfiguration;
			buildSettings = {
				ALWAYS_EMBED_SWIFT_STANDARD_LIBRARIES = YES;
				CODE_SIGN_STYLE = Automatic;
				CURRENT_PROJECT_VERSION = 1;
				DEVELOPMENT_TEAM = D4BP3KZY34;
				GENERATE_INFOPLIST_FILE = YES;
				MARKETING_VERSION = 1.0;
				PRODUCT_BUNDLE_IDENTIFIER = DEFP.PokedexUITests;
				PRODUCT_NAME = "$(TARGET_NAME)";
				SWIFT_EMIT_LOC_STRINGS = NO;
				SWIFT_VERSION = 5.0;
				TARGETED_DEVICE_FAMILY = "1,2";
				TEST_TARGET_NAME = Pokedex;
			};
			name = Debug;
		};
		69E0DE5E2A9E6CFA002AB493 /* Release */ = {
			isa = XCBuildConfiguration;
			buildSettings = {
				ALWAYS_EMBED_SWIFT_STANDARD_LIBRARIES = YES;
				CODE_SIGN_STYLE = Automatic;
				CURRENT_PROJECT_VERSION = 1;
				DEVELOPMENT_TEAM = D4BP3KZY34;
				GENERATE_INFOPLIST_FILE = YES;
				MARKETING_VERSION = 1.0;
				PRODUCT_BUNDLE_IDENTIFIER = DEFP.PokedexUITests;
				PRODUCT_NAME = "$(TARGET_NAME)";
				SWIFT_EMIT_LOC_STRINGS = NO;
				SWIFT_VERSION = 5.0;
				TARGETED_DEVICE_FAMILY = "1,2";
				TEST_TARGET_NAME = Pokedex;
			};
			name = Release;
		};
/* End XCBuildConfiguration section */

/* Begin XCConfigurationList section */
		69E0DE2D2A9E6CF8002AB493 /* Build configuration list for PBXProject "Pokedex" */ = {
			isa = XCConfigurationList;
			buildConfigurations = (
				69E0DE542A9E6CFA002AB493 /* Debug */,
				69E0DE552A9E6CFA002AB493 /* Release */,
			);
			defaultConfigurationIsVisible = 0;
			defaultConfigurationName = Release;
		};
		69E0DE562A9E6CFA002AB493 /* Build configuration list for PBXNativeTarget "Pokedex" */ = {
			isa = XCConfigurationList;
			buildConfigurations = (
				69E0DE572A9E6CFA002AB493 /* Debug */,
				69E0DE582A9E6CFA002AB493 /* Release */,
			);
			defaultConfigurationIsVisible = 0;
			defaultConfigurationName = Release;
		};
		69E0DE592A9E6CFA002AB493 /* Build configuration list for PBXNativeTarget "PokedexTests" */ = {
			isa = XCConfigurationList;
			buildConfigurations = (
				69E0DE5A2A9E6CFA002AB493 /* Debug */,
				69E0DE5B2A9E6CFA002AB493 /* Release */,
			);
			defaultConfigurationIsVisible = 0;
			defaultConfigurationName = Release;
		};
		69E0DE5C2A9E6CFA002AB493 /* Build configuration list for PBXNativeTarget "PokedexUITests" */ = {
			isa = XCConfigurationList;
			buildConfigurations = (
				69E0DE5D2A9E6CFA002AB493 /* Debug */,
				69E0DE5E2A9E6CFA002AB493 /* Release */,
			);
			defaultConfigurationIsVisible = 0;
			defaultConfigurationName = Release;
		};
/* End XCConfigurationList section */

/* Begin XCRemoteSwiftPackageReference section */
		6946ECAB2AB0C9CE002738BC /* XCRemoteSwiftPackageReference "FlowStacks" */ = {
			isa = XCRemoteSwiftPackageReference;
			repositoryURL = "https://github.com/johnpatrickmorgan/FlowStacks";
			requirement = {
				kind = upToNextMajorVersion;
				minimumVersion = 0.3.4;
			};
		};
		69E0DE5F2A9E6DF0002AB493 /* XCRemoteSwiftPackageReference "Alamofire" */ = {
			isa = XCRemoteSwiftPackageReference;
			repositoryURL = "https://github.com/Alamofire/Alamofire.git";
			requirement = {
				kind = upToNextMajorVersion;
				minimumVersion = 5.0.0;
			};
		};
		69E0DE622A9E6E10002AB493 /* XCRemoteSwiftPackageReference "SDWebImageSwiftUI" */ = {
			isa = XCRemoteSwiftPackageReference;
			repositoryURL = "https://github.com/SDWebImage/SDWebImageSwiftUI";
			requirement = {
				kind = upToNextMajorVersion;
				minimumVersion = 2.0.0;
			};
		};
/* End XCRemoteSwiftPackageReference section */

/* Begin XCSwiftPackageProductDependency section */
		6946ECAC2AB0C9CE002738BC /* FlowStacks */ = {
			isa = XCSwiftPackageProductDependency;
			package = 6946ECAB2AB0C9CE002738BC /* XCRemoteSwiftPackageReference "FlowStacks" */;
			productName = FlowStacks;
		};
		69E0DE602A9E6DF0002AB493 /* Alamofire */ = {
			isa = XCSwiftPackageProductDependency;
			package = 69E0DE5F2A9E6DF0002AB493 /* XCRemoteSwiftPackageReference "Alamofire" */;
			productName = Alamofire;
		};
		69E0DE632A9E6E10002AB493 /* SDWebImageSwiftUI */ = {
			isa = XCSwiftPackageProductDependency;
			package = 69E0DE622A9E6E10002AB493 /* XCRemoteSwiftPackageReference "SDWebImageSwiftUI" */;
			productName = SDWebImageSwiftUI;
		};
/* End XCSwiftPackageProductDependency section */
	};
	rootObject = 69E0DE2A2A9E6CF8002AB493 /* Project object */;
}
